
Microsoft Visual Studio Solution File, Format Version 12.00
# Visual Studio Version 17
VisualStudioVersion = 17.0.31903.59
MinimumVisualStudioVersion = 10.0.40219.1
Project("{FAE04EC0-301F-11D3-BF4B-00C04F79EFBC}") = "TestConsole", "TestConsole\TestConsole.csproj", "{1B5CDDF8-7F18-4B7F-B4D0-D244944C2FDA}"
EndProject
Project("{FAE04EC0-301F-11D3-BF4B-00C04F79EFBC}") = "MemoryCache.Tests", "MemoryCache.Tests\MemoryCache.Tests.csproj", "{666020AA-1B12-4713-A3C6-08F74A4B06C8}"
EndProject
Project("{FAE04EC0-301F-11D3-BF4B-00C04F79EFBC}") = "MemoryCache", "MemoryCache\MemoryCache.csproj", "{F353A80A-7024-42C9-A77E-270E10A24B41}"
EndProject
Project("{FAE04EC0-301F-11D3-BF4B-00C04F79EFBC}") = "LoadTester", "LoadTester\LoadTester.csproj", "{B591752A-1ABE-40B6-B8AE-83BCA1534E77}"
EndProject
Project("{FAE04EC0-301F-11D3-BF4B-00C04F79EFBC}") = "Serializator", "Serializator\Serializator.csproj", "{98D911A8-2D67-43C9-A632-F9CED171F989}"
EndProject
Global
	GlobalSection(SolutionConfigurationPlatforms) = preSolution
		Debug|Any CPU = Debug|Any CPU
		Release|Any CPU = Release|Any CPU
	EndGlobalSection
	GlobalSection(ProjectConfigurationPlatforms) = postSolution
		{1B5CDDF8-7F18-4B7F-B4D0-D244944C2FDA}.Debug|Any CPU.ActiveCfg = Debug|Any CPU
		{1B5CDDF8-7F18-4B7F-B4D0-D244944C2FDA}.Debug|Any CPU.Build.0 = Debug|Any CPU
		{1B5CDDF8-7F18-4B7F-B4D0-D244944C2FDA}.Release|Any CPU.ActiveCfg = Release|Any CPU
		{1B5CDDF8-7F18-4B7F-B4D0-D244944C2FDA}.Release|Any CPU.Build.0 = Release|Any CPU
		{666020AA-1B12-4713-A3C6-08F74A4B06C8}.Debug|Any CPU.ActiveCfg = Debug|Any CPU
		{666020AA-1B12-4713-A3C6-08F74A4B06C8}.Debug|Any CPU.Build.0 = Debug|Any CPU
		{666020AA-1B12-4713-A3C6-08F74A4B06C8}.Release|Any CPU.ActiveCfg = Release|Any CPU
		{666020AA-1B12-4713-A3C6-08F74A4B06C8}.Release|Any CPU.Build.0 = Release|Any CPU
		{F353A80A-7024-42C9-A77E-270E10A24B41}.Debug|Any CPU.ActiveCfg = Debug|Any CPU
		{F353A80A-7024-42C9-A77E-270E10A24B41}.Debug|Any CPU.Build.0 = Debug|Any CPU
		{F353A80A-7024-42C9-A77E-270E10A24B41}.Release|Any CPU.ActiveCfg = Release|Any CPU
		{F353A80A-7024-42C9-A77E-270E10A24B41}.Release|Any CPU.Build.0 = Release|Any CPU
		{B591752A-1ABE-40B6-B8AE-83BCA1534E77}.Debug|Any CPU.ActiveCfg = Debug|Any CPU
		{B591752A-1ABE-40B6-B8AE-83BCA1534E77}.Debug|Any CPU.Build.0 = Debug|Any CPU
		{B591752A-1ABE-40B6-B8AE-83BCA1534E77}.Release|Any CPU.ActiveCfg = Release|Any CPU
		{B591752A-1ABE-40B6-B8AE-83BCA1534E77}.Release|Any CPU.Build.0 = Release|Any CPU
		{98D911A8-2D67-43C9-A632-F9CED171F989}.Debug|Any CPU.ActiveCfg = Debug|Any CPU
		{98D911A8-2D67-43C9-A632-F9CED171F989}.Debug|Any CPU.Build.0 = Debug|Any CPU
		{98D911A8-2D67-43C9-A632-F9CED171F989}.Release|Any CPU.ActiveCfg = Release|Any CPU
		{98D911A8-2D67-43C9-A632-F9CED171F989}.Release|Any CPU.Build.0 = Release|Any CPU
	EndGlobalSection
	GlobalSection(SolutionProperties) = preSolution
		HideSolutionNode = FALSE
	EndGlobalSection
EndGlobal
